{
  "lockfileVersion": 1,
  "workspaces": {
    "": {
      "name": "@unbound-app/debugger",
      "dependencies": {
        "cleye": "^1.3.4",
        "terminal-kit": "^3.1.2",
      },
      "devDependencies": {
        "@types/bun": "latest",
        "@types/terminal-kit": "^2.5.7",
      },
      "peerDependencies": {
        "typescript": "^5",
      },
    },
  },
  "packages": {
    "@cronvel/get-pixels": ["@cronvel/get-pixels@3.4.1", "", { "dependencies": { "jpeg-js": "^0.4.4", "ndarray": "^1.0.19", "ndarray-pack": "^1.1.1", "node-bitmap": "0.0.1", "omggif": "^1.0.10", "pngjs": "^6.0.0" } }, "sha512-gB5C5nDIacLUdsMuW8YsM9SzK3vaFANe4J11CVXpovpy7bZUGrcJKmc6m/0gWG789pKr6XSZY2aEetjFvSRw5g=="],

    "@types/bun": ["@types/bun@1.3.0", "", { "dependencies": { "bun-types": "1.3.0" } }, "sha512-+lAGCYjXjip2qY375xX/scJeVRmZ5cY0wyHYyCYxNcdEXrQ4AOe3gACgd4iQ8ksOslJtW4VNxBJ8llUwc3a6AA=="],

    "@types/nextgen-events": ["@types/nextgen-events@1.1.4", "", {}, "sha512-YczHp+887i3MpHUOCOztk7y10SklNZ3aQlToKnu0LON0ZdFpgwq8POtnATAoFz8V1IxyR6d8pp8ZyYkUIy26Cw=="],

    "@types/node": ["@types/node@24.7.2", "", { "dependencies": { "undici-types": "~7.14.0" } }, "sha512-/NbVmcGTP+lj5oa4yiYxxeBjRivKQ5Ns1eSZeB99ExsEQ6rX5XYU1Zy/gGxY/ilqtD4Etx9mKyrPxZRetiahhA=="],

    "@types/react": ["@types/react@19.2.2", "", { "dependencies": { "csstype": "^3.0.2" } }, "sha512-6mDvHUFSjyT2B2yeNx2nUgMxh9LtOWvkhIU3uePn2I2oyNymUAX1NIsdgviM4CH+JSrp2D2hsMvJOkxY+0wNRA=="],

    "@types/terminal-kit": ["@types/terminal-kit@2.5.7", "", { "dependencies": { "@types/nextgen-events": "*" } }, "sha512-IpbCBFSb3OqCEZBZlk368tGftqss88eNQaJdD9msEShRbksEiVahEqroONi60ppUt9/arLM6IDrHMx9jpzzCOw=="],

    "bun-types": ["bun-types@1.3.0", "", { "dependencies": { "@types/node": "*" }, "peerDependencies": { "@types/react": "^19" } }, "sha512-u8X0thhx+yJ0KmkxuEo9HAtdfgCBaM/aI9K90VQcQioAmkVp3SG3FkwWGibUFz3WdXAdcsqOcbU40lK7tbHdkQ=="],

    "chroma-js": ["chroma-js@2.6.0", "", {}, "sha512-BLHvCB9s8Z1EV4ethr6xnkl/P2YRFOGqfgvuMG/MyCbZPrTA+NeiByY6XvgF0zP4/2deU2CXnWyMa3zu1LqQ3A=="],

    "cleye": ["cleye@1.3.4", "", { "dependencies": { "terminal-columns": "^1.4.1", "type-flag": "^3.0.0" } }, "sha512-Rd6M8ecBDtdYdPR22h6gG37lPqqJ3hSOaplaGwuGYey9xKmEElOvTgupqfyLSlISshroRpVhYjDtW3vwNUNBaQ=="],

    "csstype": ["csstype@3.1.3", "", {}, "sha512-M1uQkMl8rQK/szD0LNhtqxIPLpimGm8sOBwU7lLnCpSbTyY3yeU1Vc7l4KT5zT4s/yOxHH5O7tIuuLOCnLADRw=="],

    "cwise-compiler": ["cwise-compiler@1.1.3", "", { "dependencies": { "uniq": "^1.0.0" } }, "sha512-WXlK/m+Di8DMMcCjcWr4i+XzcQra9eCdXIJrgh4TUgh0pIS/yJduLxS9JgefsHJ/YVLdgPtXm9r62W92MvanEQ=="],

    "iota-array": ["iota-array@1.0.0", "", {}, "sha512-pZ2xT+LOHckCatGQ3DcG/a+QuEqvoxqkiL7tvE8nn3uuu+f6i1TtpB5/FtWFbxUuVr5PZCx8KskuGatbJDXOWA=="],

    "is-buffer": ["is-buffer@1.1.6", "", {}, "sha512-NcdALwpXkTm5Zvvbk7owOUSvVvBKDgKP5/ewfXEznmQFfs4ZRmanOeKBTjRVjka3QFoN6XJ+9F3USqfHqTaU5w=="],

    "jpeg-js": ["jpeg-js@0.4.4", "", {}, "sha512-WZzeDOEtTOBK4Mdsar0IqEU5sMr3vSV2RqkAIzUEV2BHnUfKGyswWFPFwK5EeDo93K3FohSHbLAjj0s1Wzd+dg=="],

    "lazyness": ["lazyness@1.2.0", "", {}, "sha512-KenL6EFbwxBwRxG93t0gcUyi0Nw0Ub31FJKN1laA4UscdkL1K1AxUd0gYZdcLU3v+x+wcFi4uQKS5hL+fk500g=="],

    "ndarray": ["ndarray@1.0.19", "", { "dependencies": { "iota-array": "^1.0.0", "is-buffer": "^1.0.2" } }, "sha512-B4JHA4vdyZU30ELBw3g7/p9bZupyew5a7tX1Y/gGeF2hafrPaQZhgrGQfsvgfYbgdFZjYwuEcnaobeM/WMW+HQ=="],

    "ndarray-pack": ["ndarray-pack@1.2.1", "", { "dependencies": { "cwise-compiler": "^1.1.2", "ndarray": "^1.0.13" } }, "sha512-51cECUJMT0rUZNQa09EoKsnFeDL4x2dHRT0VR5U2H5ZgEcm95ZDWcMA5JShroXjHOejmAD/fg8+H+OvUnVXz2g=="],

    "nextgen-events": ["nextgen-events@1.5.3", "", {}, "sha512-P6qw6kenNXP+J9XlKJNi/MNHUQ+Lx5K8FEcSfX7/w8KJdZan5+BB5MKzuNgL2RTjHG1Svg8SehfseVEp8zAqwA=="],

    "node-bitmap": ["node-bitmap@0.0.1", "", {}, "sha512-Jx5lPaaLdIaOsj2mVLWMWulXF6GQVdyLvNSxmiYCvZ8Ma2hfKX0POoR2kgKOqz+oFsRreq0yYZjQ2wjE9VNzCA=="],

    "omggif": ["omggif@1.0.10", "", {}, "sha512-LMJTtvgc/nugXj0Vcrrs68Mn2D1r0zf630VNtqtpI1FEO7e+O9FP4gqs9AcnBaSEeoHIPm28u6qgPR0oyEpGSw=="],

    "pngjs": ["pngjs@6.0.0", "", {}, "sha512-TRzzuFRRmEoSW/p1KVAmiOgPco2Irlah+bGFCeNfJXxxYGwSw7YwAOAcd7X28K/m5bjBWKsC29KyoMfHbypayg=="],

    "setimmediate": ["setimmediate@1.0.5", "", {}, "sha512-MATJdZp8sLqDl/68LfQmbP8zKPLQNV6BIZoIgrscFDQ+RsvK/BxeDQOgyxKKoh0y/8h3BqVFnCqQ/gd+reiIXA=="],

    "seventh": ["seventh@0.9.4", "", { "dependencies": { "setimmediate": "^1.0.5" } }, "sha512-O85mosi4sOfxG+slvqy0j7zLuFD4ylUgEMt7Pvt9Q/wnwNwG/6MNnHKzV9JkAoPoPM26t/DLFn17p7o7u5kIBA=="],

    "string-kit": ["string-kit@0.19.3", "", {}, "sha512-94p913R6+Ea6656A39bqJeHgt64HM9RSq36oc0F8N8Mz76g5+cLaqEwkouqguEDrJ4rhVQpS+tKz214FdtMoqA=="],

    "terminal-columns": ["terminal-columns@1.4.1", "", {}, "sha512-IKVL/itiMy947XWVv4IHV7a0KQXvKjj4ptbi7Ew9MPMcOLzkiQeyx3Gyvh62hKrfJ0RZc4M1nbhzjNM39Kyujw=="],

    "terminal-kit": ["terminal-kit@3.1.2", "", { "dependencies": { "@cronvel/get-pixels": "^3.4.1", "chroma-js": "^2.4.2", "lazyness": "^1.2.0", "ndarray": "^1.0.19", "nextgen-events": "^1.5.3", "seventh": "^0.9.2", "string-kit": "^0.19.0", "tree-kit": "^0.8.7" } }, "sha512-ro2FyU4A+NwA74DLTYTnoCFYuFpgV1aM07IS6MPrJeajoI2hwF44EdUqjoTmKEl6srYDWtbVkc/b1C16iUnxFQ=="],

    "tree-kit": ["tree-kit@0.8.8", "", {}, "sha512-L7zwpXp0/Nha6mljVcVOnhhxuCkFRWmt26wza3TKnyMBewid4F2vyiVdcSsw41ZoG1Wj+3lM48Er9lhttbxfLA=="],

    "type-flag": ["type-flag@3.0.0", "", {}, "sha512-3YaYwMseXCAhBB14RXW5cRQfJQlEknS6i4C8fCfeUdS3ihG9EdccdR9kt3vP73ZdeTGmPb4bZtkDn5XMIn1DLA=="],

    "typescript": ["typescript@5.9.3", "", { "bin": { "tsc": "bin/tsc", "tsserver": "bin/tsserver" } }, "sha512-jl1vZzPDinLr9eUt3J/t7V6FgNEw9QjvBPdysz9KfQDD41fQrC2Y4vKQdiaUpFT4bXlb1RHhLpp8wtm6M5TgSw=="],

    "undici-types": ["undici-types@7.14.0", "", {}, "sha512-QQiYxHuyZ9gQUIrmPo3IA+hUl4KYk8uSA7cHrcKd/l3p1OTpZcM0Tbp9x7FAtXdAYhlasd60ncPpgu6ihG6TOA=="],

    "uniq": ["uniq@1.0.1", "", {}, "sha512-Gw+zz50YNKPDKXs+9d+aKAjVwpjNwqzvNpLigIruT4HA9lMZNdMqs9x07kKHB/L9WRzqp4+DlTU5s4wG2esdoA=="],
  }
}
